// !$*UTF8*$!
{
	archiveVersion = 1;
	classes = {
	};
	objectVersion = 51;
	objects = {

/* Begin PBXBuildFile section */
		9645D4982447F01500737631 /* MBCLLocationManager.swift in Sources */ = {isa = PBXBuildFile; fileRef = 9645D4972447F01500737631 /* MBCLLocationManager.swift */; };
		9645D49B2447F06C00737631 /* MBCLLocationManagerDelegate.swift in Sources */ = {isa = PBXBuildFile; fileRef = 9645D49A2447F06C00737631 /* MBCLLocationManagerDelegate.swift */; };
		96667FFB2446CAAE00661E91 /* LocalNotificationManager.swift in Sources */ = {isa = PBXBuildFile; fileRef = 96667FFA2446CAAE00661E91 /* LocalNotificationManager.swift */; };
		A47DC62E2443FAF100D12922 /* AppDelegate.swift in Sources */ = {isa = PBXBuildFile; fileRef = A47DC62D2443FAF100D12922 /* AppDelegate.swift */; };
		A47DC6302443FAF100D12922 /* SceneDelegate.swift in Sources */ = {isa = PBXBuildFile; fileRef = A47DC62F2443FAF100D12922 /* SceneDelegate.swift */; };
		A47DC6322443FAF100D12922 /* MapViewController.swift in Sources */ = {isa = PBXBuildFile; fileRef = A47DC6312443FAF100D12922 /* MapViewController.swift */; };
		A47DC6352443FAF100D12922 /* Main.storyboard in Resources */ = {isa = PBXBuildFile; fileRef = A47DC6332443FAF100D12922 /* Main.storyboard */; };
		A47DC6372443FAF800D12922 /* Assets.xcassets in Resources */ = {isa = PBXBuildFile; fileRef = A47DC6362443FAF800D12922 /* Assets.xcassets */; };
		A47DC63A2443FAF800D12922 /* LaunchScreen.storyboard in Resources */ = {isa = PBXBuildFile; fileRef = A47DC6382443FAF800D12922 /* LaunchScreen.storyboard */; };
		A47DC6552443FD9A00D12922 /* Mapbox.framework in Frameworks */ = {isa = PBXBuildFile; fileRef = A47DC6422443FD2600D12922 /* Mapbox.framework */; };
		A47DC6562443FD9A00D12922 /* Mapbox.framework in Embed Frameworks */ = {isa = PBXBuildFile; fileRef = A47DC6422443FD2600D12922 /* Mapbox.framework */; settings = {ATTRIBUTES = (CodeSignOnCopy, RemoveHeadersOnCopy, ); }; };
		A47DC6572443FD9A00D12922 /* MapboxMobileEvents.framework in Frameworks */ = {isa = PBXBuildFile; fileRef = A47DC6432443FD2600D12922 /* MapboxMobileEvents.framework */; };
		A47DC6582443FD9A00D12922 /* MapboxMobileEvents.framework in Embed Frameworks */ = {isa = PBXBuildFile; fileRef = A47DC6432443FD2600D12922 /* MapboxMobileEvents.framework */; settings = {ATTRIBUTES = (CodeSignOnCopy, RemoveHeadersOnCopy, ); }; };
/* End PBXBuildFile section */

/* Begin PBXCopyFilesBuildPhase section */
		A47DC6592443FD9A00D12922 /* Embed Frameworks */ = {
			isa = PBXCopyFilesBuildPhase;
			buildActionMask = 2147483647;
			dstPath = "";
			dstSubfolderSpec = 10;
			files = (
				A47DC6582443FD9A00D12922 /* MapboxMobileEvents.framework in Embed Frameworks */,
				A47DC6562443FD9A00D12922 /* Mapbox.framework in Embed Frameworks */,
			);
			name = "Embed Frameworks";
			runOnlyForDeploymentPostprocessing = 0;
		};
/* End PBXCopyFilesBuildPhase section */

/* Begin PBXFileReference section */
		9645D4972447F01500737631 /* MBCLLocationManager.swift */ = {isa = PBXFileReference; lastKnownFileType = sourcecode.swift; path = MBCLLocationManager.swift; sourceTree = "<group>"; };
		9645D49A2447F06C00737631 /* MBCLLocationManagerDelegate.swift */ = {isa = PBXFileReference; lastKnownFileType = sourcecode.swift; path = MBCLLocationManagerDelegate.swift; sourceTree = "<group>"; };
		96667FFA2446CAAE00661E91 /* LocalNotificationManager.swift */ = {isa = PBXFileReference; lastKnownFileType = sourcecode.swift; path = LocalNotificationManager.swift; sourceTree = "<group>"; };
		A47DC62A2443FAF100D12922 /* MapBoxTest.app */ = {isa = PBXFileReference; explicitFileType = wrapper.application; includeInIndex = 0; path = MapBoxTest.app; sourceTree = BUILT_PRODUCTS_DIR; };
		A47DC62D2443FAF100D12922 /* AppDelegate.swift */ = {isa = PBXFileReference; lastKnownFileType = sourcecode.swift; path = AppDelegate.swift; sourceTree = "<group>"; };
		A47DC62F2443FAF100D12922 /* SceneDelegate.swift */ = {isa = PBXFileReference; lastKnownFileType = sourcecode.swift; path = SceneDelegate.swift; sourceTree = "<group>"; };
		A47DC6312443FAF100D12922 /* MapViewController.swift */ = {isa = PBXFileReference; lastKnownFileType = sourcecode.swift; path = MapViewController.swift; sourceTree = "<group>"; };
		A47DC6342443FAF100D12922 /* Base */ = {isa = PBXFileReference; lastKnownFileType = file.storyboard; name = Base; path = Base.lproj/Main.storyboard; sourceTree = "<group>"; };
		A47DC6362443FAF800D12922 /* Assets.xcassets */ = {isa = PBXFileReference; lastKnownFileType = folder.assetcatalog; path = Assets.xcassets; sourceTree = "<group>"; };
		A47DC6392443FAF800D12922 /* Base */ = {isa = PBXFileReference; lastKnownFileType = file.storyboard; name = Base; path = Base.lproj/LaunchScreen.storyboard; sourceTree = "<group>"; };
		A47DC63B2443FAF800D12922 /* Info.plist */ = {isa = PBXFileReference; lastKnownFileType = text.plist.xml; path = Info.plist; sourceTree = "<group>"; };
		A47DC6422443FD2600D12922 /* Mapbox.framework */ = {isa = PBXFileReference; lastKnownFileType = wrapper.framework; name = Mapbox.framework; path = Carthage/Build/iOS/Mapbox.framework; sourceTree = "<group>"; };
		A47DC6432443FD2600D12922 /* MapboxMobileEvents.framework */ = {isa = PBXFileReference; lastKnownFileType = wrapper.framework; name = MapboxMobileEvents.framework; path = Carthage/Build/iOS/MapboxMobileEvents.framework; sourceTree = "<group>"; };
/* End PBXFileReference section */

/* Begin PBXFrameworksBuildPhase section */
		A47DC6272443FAF100D12922 /* Frameworks */ = {
			isa = PBXFrameworksBuildPhase;
			buildActionMask = 2147483647;
			files = (
				A47DC6572443FD9A00D12922 /* MapboxMobileEvents.framework in Frameworks */,
				A47DC6552443FD9A00D12922 /* Mapbox.framework in Frameworks */,
			);
			runOnlyForDeploymentPostprocessing = 0;
		};
/* End PBXFrameworksBuildPhase section */

/* Begin PBXGroup section */
		9645D4992447F04B00737631 /* Protocol */ = {
			isa = PBXGroup;
			children = (
				9645D49A2447F06C00737631 /* MBCLLocationManagerDelegate.swift */,
			);
			path = Protocol;
			sourceTree = "<group>";
		};
		96667FF92446CA8D00661E91 /* Manager */ = {
			isa = PBXGroup;
			children = (
				96667FFA2446CAAE00661E91 /* LocalNotificationManager.swift */,
				9645D4972447F01500737631 /* MBCLLocationManager.swift */,
			);
			path = Manager;
			sourceTree = "<group>";
		};
		A47DC6212443FAF100D12922 = {
			isa = PBXGroup;
			children = (
				A47DC62C2443FAF100D12922 /* MapBoxTest */,
				A47DC62B2443FAF100D12922 /* Products */,
				A47DC6412443FD2600D12922 /* Frameworks */,
			);
			sourceTree = "<group>";
		};
		A47DC62B2443FAF100D12922 /* Products */ = {
			isa = PBXGroup;
			children = (
				A47DC62A2443FAF100D12922 /* MapBoxTest.app */,
			);
			name = Products;
			sourceTree = "<group>";
		};
		A47DC62C2443FAF100D12922 /* MapBoxTest */ = {
			isa = PBXGroup;
			children = (
				9645D4992447F04B00737631 /* Protocol */,
				96667FF92446CA8D00661E91 /* Manager */,
				A47DC62D2443FAF100D12922 /* AppDelegate.swift */,
				A47DC62F2443FAF100D12922 /* SceneDelegate.swift */,
				A47DC6312443FAF100D12922 /* MapViewController.swift */,
				A47DC6332443FAF100D12922 /* Main.storyboard */,
				A47DC6362443FAF800D12922 /* Assets.xcassets */,
				A47DC6382443FAF800D12922 /* LaunchScreen.storyboard */,
				A47DC63B2443FAF800D12922 /* Info.plist */,
			);
			path = MapBoxTest;
			sourceTree = "<group>";
		};
		A47DC6412443FD2600D12922 /* Frameworks */ = {
			isa = PBXGroup;
			children = (
				A47DC6422443FD2600D12922 /* Mapbox.framework */,
				A47DC6432443FD2600D12922 /* MapboxMobileEvents.framework */,
			);
			name = Frameworks;
			sourceTree = "<group>";
		};
/* End PBXGroup section */

/* Begin PBXNativeTarget section */
		A47DC6292443FAF100D12922 /* MapBoxTest */ = {
			isa = PBXNativeTarget;
			buildConfigurationList = A47DC63E2443FAF800D12922 /* Build configuration list for PBXNativeTarget "MapBoxTest" */;
			buildPhases = (
				A47DC6262443FAF100D12922 /* Sources */,
				A47DC6272443FAF100D12922 /* Frameworks */,
				A47DC6282443FAF100D12922 /* Resources */,
				A47DC6592443FD9A00D12922 /* Embed Frameworks */,
				A47DC65A2443FDD700D12922 /* ShellScript */,
			);
			buildRules = (
			);
			dependencies = (
			);
			name = MapBoxTest;
			productName = Prageeth;
			productReference = A47DC62A2443FAF100D12922 /* MapBoxTest.app */;
			productType = "com.apple.product-type.application";
		};
/* End PBXNativeTarget section */

/* Begin PBXProject section */
		A47DC6222443FAF100D12922 /* Project object */ = {
			isa = PBXProject;
			attributes = {
				CLASSPREFIX = MB;
				LastSwiftUpdateCheck = 1120;
				LastUpgradeCheck = 1120;
				ORGANIZATIONNAME = Prageeth;
				TargetAttributes = {
					A47DC6292443FAF100D12922 = {
						CreatedOnToolsVersion = 11.2.1;
					};
				};
			};
			buildConfigurationList = A47DC6252443FAF100D12922 /* Build configuration list for PBXProject "MapBoxTest" */;
			compatibilityVersion = "Xcode 9.3";
			developmentRegion = en;
			hasScannedForEncodings = 0;
			knownRegions = (
				en,
				Base,
			);
			mainGroup = A47DC6212443FAF100D12922;
			productRefGroup = A47DC62B2443FAF100D12922 /* Products */;
			projectDirPath = "";
			projectRoot = "";
			targets = (
				A47DC6292443FAF100D12922 /* MapBoxTest */,
			);
		};
/* End PBXProject section */

/* Begin PBXResourcesBuildPhase section */
		A47DC6282443FAF100D12922 /* Resources */ = {
			isa = PBXResourcesBuildPhase;
			buildActionMask = 2147483647;
			files = (
				A47DC63A2443FAF800D12922 /* LaunchScreen.storyboard in Resources */,
				A47DC6372443FAF800D12922 /* Assets.xcassets in Resources */,
				A47DC6352443FAF100D12922 /* Main.storyboard in Resources */,
			);
			runOnlyForDeploymentPostprocessing = 0;
		};
/* End PBXResourcesBuildPhase section */

/* Begin PBXShellScriptBuildPhase section */
		A47DC65A2443FDD700D12922 /* ShellScript */ = {
			isa = PBXShellScriptBuildPhase;
			buildActionMask = 2147483647;
			files = (
			);
			inputFileListPaths = (
				"$(SRCROOT)/Carthage/Build/iOS/Mapbox.framework",
				"$(SRCROOT)/Carthage/Build/iOS/MapboxMobileEvents.framework",
			);
			inputPaths = (
			);
			outputFileListPaths = (
			);
			outputPaths = (
			);
			runOnlyForDeploymentPostprocessing = 0;
			shellPath = /bin/sh;
			shellScript = "/usr/local/bin/carthage copy-frameworks\n";
		};
/* End PBXShellScriptBuildPhase section */

/* Begin PBXSourcesBuildPhase section */
		A47DC6262443FAF100D12922 /* Sources */ = {
			isa = PBXSourcesBuildPhase;
			buildActionMask = 2147483647;
			files = (
				A47DC6322443FAF100D12922 /* MapViewController.swift in Sources */,
				9645D49B2447F06C00737631 /* MBCLLocationManagerDelegate.swift in Sources */,
				A47DC62E2443FAF100D12922 /* AppDelegate.swift in Sources */,
				9645D4982447F01500737631 /* MBCLLocationManager.swift in Sources */,
				96667FFB2446CAAE00661E91 /* LocalNotificationManager.swift in Sources */,
				A47DC6302443FAF100D12922 /* SceneDelegate.swift in Sources */,
			);
			runOnlyForDeploymentPostprocessing = 0;
		};
/* End PBXSourcesBuildPhase section */

/* Begin PBXVariantGroup section */
		A47DC6332443FAF100D12922 /* Main.storyboard */ = {
			isa = PBXVariantGroup;
			children = (
				A47DC6342443FAF100D12922 /* Base */,
			);
			name = Main.storyboard;
			sourceTree = "<group>";
		};
		A47DC6382443FAF800D12922 /* LaunchScreen.storyboard */ = {
			isa = PBXVariantGroup;
			children = (
				A47DC6392443FAF800D12922 /* Base */,
			);
			name = LaunchScreen.storyboard;
			sourceTree = "<group>";
		};
/* End PBXVariantGroup section */

/* Begin XCBuildConfiguration section */
		A47DC63C2443FAF800D12922 /* Debug */ = {
			isa = XCBuildConfiguration;
			buildSettings = {
				ALWAYS_SEARCH_USER_PATHS = NO;
				CLANG_ANALYZER_NONNULL = YES;
				CLANG_ANALYZER_NUMBER_OBJECT_CONVERSION = YES_AGGRESSIVE;
				CLANG_CXX_LANGUAGE_STANDARD = "gnu++14";
				CLANG_CXX_LIBRARY = "libc++";
				CLANG_ENABLE_MODULES = YES;
				CLANG_ENABLE_OBJC_ARC = YES;
				CLANG_ENABLE_OBJC_WEAK = YES;
				CLANG_WARN_BLOCK_CAPTURE_AUTORELEASING = YES;
				CLANG_WARN_BOOL_CONVERSION = YES;
				CLANG_WARN_COMMA = YES;
				CLANG_WARN_CONSTANT_CONVERSION = YES;
				CLANG_WARN_DEPRECATED_OBJC_IMPLEMENTATIONS = YES;
				CLANG_WARN_DIRECT_OBJC_ISA_USAGE = YES_ERROR;
				CLANG_WARN_DOCUMENTATION_COMMENTS = YES;
				CLANG_WARN_EMPTY_BODY = YES;
				CLANG_WARN_ENUM_CONVERSION = YES;
				CLANG_WARN_INFINITE_RECURSION = YES;
				CLANG_WARN_INT_CONVERSION = YES;
				CLANG_WARN_NON_LITERAL_NULL_CONVERSION = YES;
				CLANG_WARN_OBJC_IMPLICIT_RETAIN_SELF = YES;
				CLANG_WARN_OBJC_LITERAL_CONVERSION = YES;
				CLANG_WARN_OBJC_ROOT_CLASS = YES_ERROR;
				CLANG_WARN_RANGE_LOOP_ANALYSIS = YES;
				CLANG_WARN_STRICT_PROTOTYPES = YES;
				CLANG_WARN_SUSPICIOUS_MOVE = YES;
				CLANG_WARN_UNGUARDED_AVAILABILITY = YES_AGGRESSIVE;
				CLANG_WARN_UNREACHABLE_CODE = YES;
				CLANG_WARN__DUPLICATE_METHOD_MATCH = YES;
				COPY_PHASE_STRIP = NO;
				DEBUG_INFORMATION_FORMAT = dwarf;
				ENABLE_STRICT_OBJC_MSGSEND = YES;
				ENABLE_TESTABILITY = YES;
				GCC_C_LANGUAGE_STANDARD = gnu11;
				GCC_DYNAMIC_NO_PIC = NO;
				GCC_NO_COMMON_BLOCKS = YES;
				GCC_OPTIMIZATION_LEVEL = 0;
				GCC_PREPROCESSOR_DEFINITIONS = (
					"DEBUG=1",
					"$(inherited)",
				);
				GCC_WARN_64_TO_32_BIT_CONVERSION = YES;
				GCC_WARN_ABOUT_RETURN_TYPE = YES_ERROR;
				GCC_WARN_UNDECLARED_SELECTOR = YES;
				GCC_WARN_UNINITIALIZED_AUTOS = YES_AGGRESSIVE;
				GCC_WARN_UNUSED_FUNCTION = YES;
				GCC_WARN_UNUSED_VARIABLE = YES;
				IPHONEOS_DEPLOYMENT_TARGET = 13.2;
				MTL_ENABLE_DEBUG_INFO = INCLUDE_SOURCE;
				MTL_FAST_MATH = YES;
				ONLY_ACTIVE_ARCH = YES;
				SDKROOT = iphoneos;
				SWIFT_ACTIVE_COMPILATION_CONDITIONS = DEBUG;
				SWIFT_OPTIMIZATION_LEVEL = "-Onone";
			};
			name = Debug;
		};
		A47DC63D2443FAF800D12922 /* Release */ = {
			isa = XCBuildConfiguration;
			buildSettings = {
				ALWAYS_SEARCH_USER_PATHS = NO;
				CLANG_ANALYZER_NONNULL = YES;
				CLANG_ANALYZER_NUMBER_OBJECT_CONVERSION = YES_AGGRESSIVE;
				CLANG_CXX_LANGUAGE_STANDARD = "gnu++14";
				CLANG_CXX_LIBRARY = "libc++";
				CLANG_ENABLE_MODULES = YES;
				CLANG_ENABLE_OBJC_ARC = YES;
				CLANG_ENABLE_OBJC_WEAK = YES;
				CLANG_WARN_BLOCK_CAPTURE_AUTORELEASING = YES;
				CLANG_WARN_BOOL_CONVERSION = YES;
				CLANG_WARN_COMMA = YES;
				CLANG_WARN_CONSTANT_CONVERSION = YES;
				CLANG_WARN_DEPRECATED_OBJC_IMPLEMENTATIONS = YES;
				CLANG_WARN_DIRECT_OBJC_ISA_USAGE = YES_ERROR;
				CLANG_WARN_DOCUMENTATION_COMMENTS = YES;
				CLANG_WARN_EMPTY_BODY = YES;
				CLANG_WARN_ENUM_CONVERSION = YES;
				CLANG_WARN_INFINITE_RECURSION = YES;
				CLANG_WARN_INT_CONVERSION = YES;
				CLANG_WARN_NON_LITERAL_NULL_CONVERSION = YES;
				CLANG_WARN_OBJC_IMPLICIT_RETAIN_SELF = YES;
				CLANG_WARN_OBJC_LITERAL_CONVERSION = YES;
				CLANG_WARN_OBJC_ROOT_CLASS = YES_ERROR;
				CLANG_WARN_RANGE_LOOP_ANALYSIS = YES;
				CLANG_WARN_STRICT_PROTOTYPES = YES;
				CLANG_WARN_SUSPICIOUS_MOVE = YES;
				CLANG_WARN_UNGUARDED_AVAILABILITY = YES_AGGRESSIVE;
				CLANG_WARN_UNREACHABLE_CODE = YES;
				CLANG_WARN__DUPLICATE_METHOD_MATCH = YES;
				COPY_PHASE_STRIP = NO;
				DEBUG_INFORMATION_FORMAT = "dwarf-with-dsym";
				ENABLE_NS_ASSERTIONS = NO;
				ENABLE_STRICT_OBJC_MSGSEND = YES;
				GCC_C_LANGUAGE_STANDARD = gnu11;
				GCC_NO_COMMON_BLOCKS = YES;
				GCC_WARN_64_TO_32_BIT_CONVERSION = YES;
				GCC_WARN_ABOUT_RETURN_TYPE = YES_ERROR;
				GCC_WARN_UNDECLARED_SELECTOR = YES;
				GCC_WARN_UNINITIALIZED_AUTOS = YES_AGGRESSIVE;
				GCC_WARN_UNUSED_FUNCTION = YES;
				GCC_WARN_UNUSED_VARIABLE = YES;
				IPHONEOS_DEPLOYMENT_TARGET = 13.2;
				MTL_ENABLE_DEBUG_INFO = NO;
				MTL_FAST_MATH = YES;
				SDKROOT = iphoneos;
				SWIFT_COMPILATION_MODE = wholemodule;
				SWIFT_OPTIMIZATION_LEVEL = "-O";
				VALIDATE_PRODUCT = YES;
			};
			name = Release;
		};
		A47DC63F2443FAF800D12922 /* Debug */ = {
			isa = XCBuildConfiguration;
			buildSettings = {
				ASSETCATALOG_COMPILER_APPICON_NAME = AppIcon;
				CODE_SIGN_STYLE = Automatic;
				DEVELOPMENT_TEAM = G3CEBBU37L;
				FRAMEWORK_SEARCH_PATHS = (
					"$(inherited)",
					"$(PROJECT_DIR)/Carthage/Build/iOS",
				);
				INFOPLIST_FILE = MapBoxTest/Info.plist;
				LD_RUNPATH_SEARCH_PATHS = (
					"$(inherited)",
					"@executable_path/Frameworks",
				);
				PRODUCT_BUNDLE_IDENTIFIER = MapBoxTest.MapBoxTest.enki;
				PRODUCT_NAME = MapBoxTest;
				SWIFT_VERSION = 5.0;
				TARGETED_DEVICE_FAMILY = "1,2";
			};
			name = Debug;
		};
		A47DC6402443FAF800D12922 /* Release */ = {
			isa = XCBuildConfiguration;
			buildSettings = {
				ASSETCATALOG_COMPILER_APPICON_NAME = AppIcon;
				CODE_SIGN_STYLE = Automatic;
				DEVELOPMENT_TEAM = G3CEBBU37L;
				FRAMEWORK_SEARCH_PATHS = (
					"$(inherited)",
					"$(PROJECT_DIR)/Carthage/Build/iOS",
				);
				INFOPLIST_FILE = MapBoxTest/Info.plist;
				LD_RUNPATH_SEARCH_PATHS = (
					"$(inherited)",
					"@executable_path/Frameworks",
				);
				PRODUCT_BUNDLE_IDENTIFIER = MapBoxTest.MapBoxTest.enki;
				PRODUCT_NAME = MapBoxTest;
				SWIFT_VERSION = 5.0;
				TARGETED_DEVICE_FAMILY = "1,2";
			};
			name = Release;
		};
/* End XCBuildConfiguration section */

/* Begin XCConfigurationList section */
		A47DC6252443FAF100D12922 /* Build configuration list for PBXProject "MapBoxTest" */ = {
			isa = XCConfigurationList;
			buildConfigurations = (
				A47DC63C2443FAF800D12922 /* Debug */,
				A47DC63D2443FAF800D12922 /* Release */,
			);
			defaultConfigurationIsVisible = 0;
			defaultConfigurationName = Release;
		};
		A47DC63E2443FAF800D12922 /* Build configuration list for PBXNativeTarget "MapBoxTest" */ = {
			isa = XCConfigurationList;
			buildConfigurations = (
				A47DC63F2443FAF800D12922 /* Debug */,
				A47DC6402443FAF800D12922 /* Release */,
			);
			defaultConfigurationIsVisible = 0;
			defaultConfigurationName = Release;
		};
/* End XCConfigurationList section */
	};
	rootObject = A47DC6222443FAF100D12922 /* Project object */;
}
